# THIS IS AN AUTOGENERATED FILE. DO NOT EDIT THIS FILE DIRECTLY.
# yarn lockfile v1


babel-runtime@^6.18.0:
  version "6.23.0"
  resolved "https://registry.yarnpkg.com/babel-runtime/-/babel-runtime-6.23.0.tgz#0a9489f144de70efb3ce4300accdb329e2fc543b"
  dependencies:
    core-js "^2.4.0"
    regenerator-runtime "^0.10.0"

clone@^2.1.1:
  version "2.1.1"
  resolved "https://registry.yarnpkg.com/clone/-/clone-2.1.1.tgz#d217d1e961118e3ac9a4b8bba3285553bf647cdb"

common-tags@^1.4.0:
  version "1.4.0"
  resolved "https://registry.yarnpkg.com/common-tags/-/common-tags-1.4.0.tgz#1187be4f3d4cf0c0427d43f74eef1f73501614c0"
  dependencies:
    babel-runtime "^6.18.0"

core-js@^2.4.0:
  version "2.4.1"
  resolved "https://registry.yarnpkg.com/core-js/-/core-js-2.4.1.tgz#4de911e667b0eae9124e34254b53aea6fc618d3e"

decision-tree@^0.3.1:
  version "0.3.1"
  resolved "https://registry.yarnpkg.com/decision-tree/-/decision-tree-0.3.1.tgz#f3246a710202702653389ca27ba86daf5a6e819d"
  dependencies:
    lodash "^2.4.1"

lodash@^2.4.1:
  version "2.4.2"
  resolved "https://registry.yarnpkg.com/lodash/-/lodash-2.4.2.tgz#fadd834b9683073da179b3eae6d9c0d15053f73e"

regenerator-runtime@^0.10.0:
  version "0.10.5"
  resolved "https://registry.yarnpkg.com/regenerator-runtime/-/regenerator-runtime-0.10.5.tgz#336c3efc1220adcedda2c9fab67b5a7955a33658"
